// !$*UTF8*$!
{
	archiveVersion = 1;
	classes = {
	};
	objectVersion = 48;
	objects = {

/* Begin PBXBuildFile section */
		4D8DAFF42487AC50FC08CF54 /* Pods_ImageAndCamaraViewer.framework in Frameworks */ = {isa = PBXBuildFile; fileRef = D8F2B542F749AB1C8D418718 /* Pods_ImageAndCamaraViewer.framework */; };
		593EAA521FDE70BF00B2F0F9 /* CropImagesVC.swift in Sources */ = {isa = PBXBuildFile; fileRef = 593EAA511FDE70BF00B2F0F9 /* CropImagesVC.swift */; };
		593EAA541FDF947C00B2F0F9 /* CropingFunction.swift in Sources */ = {isa = PBXBuildFile; fileRef = 593EAA531FDF947C00B2F0F9 /* CropingFunction.swift */; };
		593EAA561FDFB83C00B2F0F9 /* CropAreaView.swift in Sources */ = {isa = PBXBuildFile; fileRef = 593EAA551FDFB83C00B2F0F9 /* CropAreaView.swift */; };
		593EAA581FDFF75B00B2F0F9 /* CropingVC.swift in Sources */ = {isa = PBXBuildFile; fileRef = 593EAA571FDFF75A00B2F0F9 /* CropingVC.swift */; };
		593EAA5A1FE0E46A00B2F0F9 /* ImgShowingVC.swift in Sources */ = {isa = PBXBuildFile; fileRef = 593EAA591FE0E46A00B2F0F9 /* ImgShowingVC.swift */; };
		59960BFE1FDB2F350020B74E /* AppDelegate.swift in Sources */ = {isa = PBXBuildFile; fileRef = 59960BFD1FDB2F350020B74E /* AppDelegate.swift */; };
		59960C001FDB2F350020B74E /* ViewController.swift in Sources */ = {isa = PBXBuildFile; fileRef = 59960BFF1FDB2F350020B74E /* ViewController.swift */; };
		59960C031FDB2F350020B74E /* Main.storyboard in Resources */ = {isa = PBXBuildFile; fileRef = 59960C011FDB2F350020B74E /* Main.storyboard */; };
		59960C061FDB2F350020B74E /* ImageAndCamaraViewer.xcdatamodeld in Sources */ = {isa = PBXBuildFile; fileRef = 59960C041FDB2F350020B74E /* ImageAndCamaraViewer.xcdatamodeld */; };
		59960C081FDB2F350020B74E /* Assets.xcassets in Resources */ = {isa = PBXBuildFile; fileRef = 59960C071FDB2F350020B74E /* Assets.xcassets */; };
		59960C0B1FDB2F350020B74E /* LaunchScreen.storyboard in Resources */ = {isa = PBXBuildFile; fileRef = 59960C091FDB2F350020B74E /* LaunchScreen.storyboard */; };
		59960C161FDB2F370020B74E /* ImageAndCamaraViewerTests.swift in Sources */ = {isa = PBXBuildFile; fileRef = 59960C151FDB2F370020B74E /* ImageAndCamaraViewerTests.swift */; };
		59960C211FDB32300020B74E /* CamaraHandler.swift in Sources */ = {isa = PBXBuildFile; fileRef = 59960C201FDB32300020B74E /* CamaraHandler.swift */; };
		59960C231FDBFAA80020B74E /* AVCaptureStillImageOutput.swift in Sources */ = {isa = PBXBuildFile; fileRef = 59960C221FDBFAA80020B74E /* AVCaptureStillImageOutput.swift */; };
		7F3F9B6620E03D858DA83F77 /* Pods_ImageAndCamaraViewerTests.framework in Frameworks */ = {isa = PBXBuildFile; fileRef = A0BFCC48F591699680786548 /* Pods_ImageAndCamaraViewerTests.framework */; };
/* End PBXBuildFile section */

/* Begin PBXContainerItemProxy section */
		59960C121FDB2F370020B74E /* PBXContainerItemProxy */ = {
			isa = PBXContainerItemProxy;
			containerPortal = 59960BF21FDB2F340020B74E /* Project object */;
			proxyType = 1;
			remoteGlobalIDString = 59960BF91FDB2F350020B74E;
			remoteInfo = ImageAndCamaraViewer;
		};
/* End PBXContainerItemProxy section */

/* Begin PBXFileReference section */
		593EAA511FDE70BF00B2F0F9 /* CropImagesVC.swift */ = {isa = PBXFileReference; lastKnownFileType = sourcecode.swift; path = CropImagesVC.swift; sourceTree = "<group>"; };
		593EAA531FDF947C00B2F0F9 /* CropingFunction.swift */ = {isa = PBXFileReference; lastKnownFileType = sourcecode.swift; path = CropingFunction.swift; sourceTree = "<group>"; };
		593EAA551FDFB83C00B2F0F9 /* CropAreaView.swift */ = {isa = PBXFileReference; lastKnownFileType = sourcecode.swift; path = CropAreaView.swift; sourceTree = "<group>"; };
		593EAA571FDFF75A00B2F0F9 /* CropingVC.swift */ = {isa = PBXFileReference; lastKnownFileType = sourcecode.swift; path = CropingVC.swift; sourceTree = "<group>"; };
		593EAA591FE0E46A00B2F0F9 /* ImgShowingVC.swift */ = {isa = PBXFileReference; lastKnownFileType = sourcecode.swift; path = ImgShowingVC.swift; sourceTree = "<group>"; };
		59960BFA1FDB2F350020B74E /* ImageAndCamaraViewer.app */ = {isa = PBXFileReference; explicitFileType = wrapper.application; includeInIndex = 0; path = ImageAndCamaraViewer.app; sourceTree = BUILT_PRODUCTS_DIR; };
		59960BFD1FDB2F350020B74E /* AppDelegate.swift */ = {isa = PBXFileReference; lastKnownFileType = sourcecode.swift; path = AppDelegate.swift; sourceTree = "<group>"; };
		59960BFF1FDB2F350020B74E /* ViewController.swift */ = {isa = PBXFileReference; lastKnownFileType = sourcecode.swift; path = ViewController.swift; sourceTree = "<group>"; };
		59960C021FDB2F350020B74E /* Base */ = {isa = PBXFileReference; lastKnownFileType = file.storyboard; name = Base; path = Base.lproj/Main.storyboard; sourceTree = "<group>"; };
		59960C051FDB2F350020B74E /* ImageAndCamaraViewer.xcdatamodel */ = {isa = PBXFileReference; lastKnownFileType = wrapper.xcdatamodel; path = ImageAndCamaraViewer.xcdatamodel; sourceTree = "<group>"; };
		59960C071FDB2F350020B74E /* Assets.xcassets */ = {isa = PBXFileReference; lastKnownFileType = folder.assetcatalog; path = Assets.xcassets; sourceTree = "<group>"; };
		59960C0A1FDB2F350020B74E /* Base */ = {isa = PBXFileReference; lastKnownFileType = file.storyboard; name = Base; path = Base.lproj/LaunchScreen.storyboard; sourceTree = "<group>"; };
		59960C0C1FDB2F350020B74E /* Info.plist */ = {isa = PBXFileReference; lastKnownFileType = text.plist.xml; path = Info.plist; sourceTree = "<group>"; };
		59960C111FDB2F370020B74E /* ImageAndCamaraViewerTests.xctest */ = {isa = PBXFileReference; explicitFileType = wrapper.cfbundle; includeInIndex = 0; path = ImageAndCamaraViewerTests.xctest; sourceTree = BUILT_PRODUCTS_DIR; };
		59960C151FDB2F370020B74E /* ImageAndCamaraViewerTests.swift */ = {isa = PBXFileReference; lastKnownFileType = sourcecode.swift; path = ImageAndCamaraViewerTests.swift; sourceTree = "<group>"; };
		59960C171FDB2F370020B74E /* Info.plist */ = {isa = PBXFileReference; lastKnownFileType = text.plist.xml; path = Info.plist; sourceTree = "<group>"; };
		59960C201FDB32300020B74E /* CamaraHandler.swift */ = {isa = PBXFileReference; lastKnownFileType = sourcecode.swift; path = CamaraHandler.swift; sourceTree = "<group>"; };
		59960C221FDBFAA80020B74E /* AVCaptureStillImageOutput.swift */ = {isa = PBXFileReference; lastKnownFileType = sourcecode.swift; path = AVCaptureStillImageOutput.swift; sourceTree = "<group>"; };
		63B9C45E1F9D300845E644B4 /* Pods-ImageAndCamaraViewer.release.xcconfig */ = {isa = PBXFileReference; includeInIndex = 1; lastKnownFileType = text.xcconfig; name = "Pods-ImageAndCamaraViewer.release.xcconfig"; path = "Pods/Target Support Files/Pods-ImageAndCamaraViewer/Pods-ImageAndCamaraViewer.release.xcconfig"; sourceTree = "<group>"; };
		74658A7064800262F1CC27D5 /* Pods-ImageAndCamaraViewerTests.debug.xcconfig */ = {isa = PBXFileReference; includeInIndex = 1; lastKnownFileType = text.xcconfig; name = "Pods-ImageAndCamaraViewerTests.debug.xcconfig"; path = "Pods/Target Support Files/Pods-ImageAndCamaraViewerTests/Pods-ImageAndCamaraViewerTests.debug.xcconfig"; sourceTree = "<group>"; };
		8D4F4B402C5A3FB6EECFBBC3 /* Pods-ImageAndCamaraViewer.debug.xcconfig */ = {isa = PBXFileReference; includeInIndex = 1; lastKnownFileType = text.xcconfig; name = "Pods-ImageAndCamaraViewer.debug.xcconfig"; path = "Pods/Target Support Files/Pods-ImageAndCamaraViewer/Pods-ImageAndCamaraViewer.debug.xcconfig"; sourceTree = "<group>"; };
		9916EE43BDD7D9BABCB108A3 /* Pods-ImageAndCamaraViewerTests.release.xcconfig */ = {isa = PBXFileReference; includeInIndex = 1; lastKnownFileType = text.xcconfig; name = "Pods-ImageAndCamaraViewerTests.release.xcconfig"; path = "Pods/Target Support Files/Pods-ImageAndCamaraViewerTests/Pods-ImageAndCamaraViewerTests.release.xcconfig"; sourceTree = "<group>"; };
		A0BFCC48F591699680786548 /* Pods_ImageAndCamaraViewerTests.framework */ = {isa = PBXFileReference; explicitFileType = wrapper.framework; includeInIndex = 0; path = Pods_ImageAndCamaraViewerTests.framework; sourceTree = BUILT_PRODUCTS_DIR; };
		D8F2B542F749AB1C8D418718 /* Pods_ImageAndCamaraViewer.framework */ = {isa = PBXFileReference; explicitFileType = wrapper.framework; includeInIndex = 0; path = Pods_ImageAndCamaraViewer.framework; sourceTree = BUILT_PRODUCTS_DIR; };
/* End PBXFileReference section */

/* Begin PBXFrameworksBuildPhase section */
		59960BF71FDB2F350020B74E /* Frameworks */ = {
			isa = PBXFrameworksBuildPhase;
			buildActionMask = 2147483647;
			files = (
				4D8DAFF42487AC50FC08CF54 /* Pods_ImageAndCamaraViewer.framework in Frameworks */,
			);
			runOnlyForDeploymentPostprocessing = 0;
		};
		59960C0E1FDB2F360020B74E /* Frameworks */ = {
			isa = PBXFrameworksBuildPhase;
			buildActionMask = 2147483647;
			files = (
				7F3F9B6620E03D858DA83F77 /* Pods_ImageAndCamaraViewerTests.framework in Frameworks */,
			);
			runOnlyForDeploymentPostprocessing = 0;
		};
/* End PBXFrameworksBuildPhase section */

/* Begin PBXGroup section */
		1A05C294551BF283AC27B40D /* Pods */ = {
			isa = PBXGroup;
			children = (
				8D4F4B402C5A3FB6EECFBBC3 /* Pods-ImageAndCamaraViewer.debug.xcconfig */,
				63B9C45E1F9D300845E644B4 /* Pods-ImageAndCamaraViewer.release.xcconfig */,
				74658A7064800262F1CC27D5 /* Pods-ImageAndCamaraViewerTests.debug.xcconfig */,
				9916EE43BDD7D9BABCB108A3 /* Pods-ImageAndCamaraViewerTests.release.xcconfig */,
			);
			name = Pods;
			sourceTree = "<group>";
		};
		59960BF11FDB2F340020B74E = {
			isa = PBXGroup;
			children = (
				59960BFC1FDB2F350020B74E /* ImageAndCamaraViewer */,
				59960C141FDB2F370020B74E /* ImageAndCamaraViewerTests */,
				59960BFB1FDB2F350020B74E /* Products */,
				1A05C294551BF283AC27B40D /* Pods */,
				9F8EE56C15806E46B5AA7AE8 /* Frameworks */,
			);
			sourceTree = "<group>";
		};
		59960BFB1FDB2F350020B74E /* Products */ = {
			isa = PBXGroup;
			children = (
				59960BFA1FDB2F350020B74E /* ImageAndCamaraViewer.app */,
				59960C111FDB2F370020B74E /* ImageAndCamaraViewerTests.xctest */,
			);
			name = Products;
			sourceTree = "<group>";
		};
		59960BFC1FDB2F350020B74E /* ImageAndCamaraViewer */ = {
			isa = PBXGroup;
			children = (
				59960BFD1FDB2F350020B74E /* AppDelegate.swift */,
				59960BFF1FDB2F350020B74E /* ViewController.swift */,
				59960C011FDB2F350020B74E /* Main.storyboard */,
				59960C071FDB2F350020B74E /* Assets.xcassets */,
				59960C091FDB2F350020B74E /* LaunchScreen.storyboard */,
				59960C0C1FDB2F350020B74E /* Info.plist */,
				59960C041FDB2F350020B74E /* ImageAndCamaraViewer.xcdatamodeld */,
				59960C201FDB32300020B74E /* CamaraHandler.swift */,
				59960C221FDBFAA80020B74E /* AVCaptureStillImageOutput.swift */,
				593EAA511FDE70BF00B2F0F9 /* CropImagesVC.swift */,
				593EAA531FDF947C00B2F0F9 /* CropingFunction.swift */,
				593EAA551FDFB83C00B2F0F9 /* CropAreaView.swift */,
				593EAA571FDFF75A00B2F0F9 /* CropingVC.swift */,
				593EAA591FE0E46A00B2F0F9 /* ImgShowingVC.swift */,
			);
			path = ImageAndCamaraViewer;
			sourceTree = "<group>";
		};
		59960C141FDB2F370020B74E /* ImageAndCamaraViewerTests */ = {
			isa = PBXGroup;
			children = (
				59960C151FDB2F370020B74E /* ImageAndCamaraViewerTests.swift */,
				59960C171FDB2F370020B74E /* Info.plist */,
			);
			path = ImageAndCamaraViewerTests;
			sourceTree = "<group>";
		};
		9F8EE56C15806E46B5AA7AE8 /* Frameworks */ = {
			isa = PBXGroup;
			children = (
				D8F2B542F749AB1C8D418718 /* Pods_ImageAndCamaraViewer.framework */,
				A0BFCC48F591699680786548 /* Pods_ImageAndCamaraViewerTests.framework */,
			);
			name = Frameworks;
			sourceTree = "<group>";
		};
/* End PBXGroup section */

/* Begin PBXNativeTarget section */
		59960BF91FDB2F350020B74E /* ImageAndCamaraViewer */ = {
			isa = PBXNativeTarget;
			buildConfigurationList = 59960C1A1FDB2F370020B74E /* Build configuration list for PBXNativeTarget "ImageAndCamaraViewer" */;
			buildPhases = (
				444CB707A57253F65A3461ED /* [CP] Check Pods Manifest.lock */,
				59960BF61FDB2F350020B74E /* Sources */,
				59960BF71FDB2F350020B74E /* Frameworks */,
				59960BF81FDB2F350020B74E /* Resources */,
				2C18F4FEA294A38ACF964D00 /* [CP] Embed Pods Frameworks */,
				0F8E396FE2F81FBB057209E7 /* [CP] Copy Pods Resources */,
			);
			buildRules = (
			);
			dependencies = (
			);
			name = ImageAndCamaraViewer;
			productName = ImageAndCamaraViewer;
			productReference = 59960BFA1FDB2F350020B74E /* ImageAndCamaraViewer.app */;
			productType = "com.apple.product-type.application";
		};
		59960C101FDB2F360020B74E /* ImageAndCamaraViewerTests */ = {
			isa = PBXNativeTarget;
			buildConfigurationList = 59960C1D1FDB2F370020B74E /* Build configuration list for PBXNativeTarget "ImageAndCamaraViewerTests" */;
			buildPhases = (
				2654F2673664E37AC760E550 /* [CP] Check Pods Manifest.lock */,
				59960C0D1FDB2F360020B74E /* Sources */,
				59960C0E1FDB2F360020B74E /* Frameworks */,
				59960C0F1FDB2F360020B74E /* Resources */,
				870F2A065A0B4D27BD3AA431 /* [CP] Embed Pods Frameworks */,
				5C06F4CDE51471DEDB201FCC /* [CP] Copy Pods Resources */,
			);
			buildRules = (
			);
			dependencies = (
				59960C131FDB2F370020B74E /* PBXTargetDependency */,
			);
			name = ImageAndCamaraViewerTests;
			productName = ImageAndCamaraViewerTests;
			productReference = 59960C111FDB2F370020B74E /* ImageAndCamaraViewerTests.xctest */;
			productType = "com.apple.product-type.bundle.unit-test";
		};
/* End PBXNativeTarget section */

/* Begin PBXProject section */
		59960BF21FDB2F340020B74E /* Project object */ = {
			isa = PBXProject;
			attributes = {
				LastSwiftUpdateCheck = 0910;
				LastUpgradeCheck = 0910;
				ORGANIZATIONNAME = "Rabeeh KP";
				TargetAttributes = {
					59960BF91FDB2F350020B74E = {
						CreatedOnToolsVersion = 9.1;
						ProvisioningStyle = Automatic;
					};
					59960C101FDB2F360020B74E = {
						CreatedOnToolsVersion = 9.1;
						ProvisioningStyle = Automatic;
						TestTargetID = 59960BF91FDB2F350020B74E;
					};
				};
			};
			buildConfigurationList = 59960BF51FDB2F340020B74E /* Build configuration list for PBXProject "ImageAndCamaraViewer" */;
			compatibilityVersion = "Xcode 8.0";
			developmentRegion = en;
			hasScannedForEncodings = 0;
			knownRegions = (
				en,
				Base,
			);
			mainGroup = 59960BF11FDB2F340020B74E;
			productRefGroup = 59960BFB1FDB2F350020B74E /* Products */;
			projectDirPath = "";
			projectRoot = "";
			targets = (
				59960BF91FDB2F350020B74E /* ImageAndCamaraViewer */,
				59960C101FDB2F360020B74E /* ImageAndCamaraViewerTests */,
			);
		};
/* End PBXProject section */

/* Begin PBXResourcesBuildPhase section */
		59960BF81FDB2F350020B74E /* Resources */ = {
			isa = PBXResourcesBuildPhase;
			buildActionMask = 2147483647;
			files = (
				59960C0B1FDB2F350020B74E /* LaunchScreen.storyboard in Resources */,
				59960C081FDB2F350020B74E /* Assets.xcassets in Resources */,
				59960C031FDB2F350020B74E /* Main.storyboard in Resources */,
			);
			runOnlyForDeploymentPostprocessing = 0;
		};
		59960C0F1FDB2F360020B74E /* Resources */ = {
			isa = PBXResourcesBuildPhase;
			buildActionMask = 2147483647;
			files = (
			);
			runOnlyForDeploymentPostprocessing = 0;
		};
/* End PBXResourcesBuildPhase section */

/* Begin PBXShellScriptBuildPhase section */
		0F8E396FE2F81FBB057209E7 /* [CP] Copy Pods Resources */ = {
			isa = PBXShellScriptBuildPhase;
			buildActionMask = 2147483647;
			files = (
			);
			inputPaths = (
			);
			name = "[CP] Copy Pods Resources";
			outputPaths = (
			);
			runOnlyForDeploymentPostprocessing = 0;
			shellPath = /bin/sh;
			shellScript = "\"${SRCROOT}/Pods/Target Support Files/Pods-ImageAndCamaraViewer/Pods-ImageAndCamaraViewer-resources.sh\"\n";
			showEnvVarsInLog = 0;
		};
		2654F2673664E37AC760E550 /* [CP] Check Pods Manifest.lock */ = {
			isa = PBXShellScriptBuildPhase;
			buildActionMask = 2147483647;
			files = (
			);
			inputPaths = (
				"${PODS_PODFILE_DIR_PATH}/Podfile.lock",
				"${PODS_ROOT}/Manifest.lock",
			);
			name = "[CP] Check Pods Manifest.lock";
			outputPaths = (
				"$(DERIVED_FILE_DIR)/Pods-ImageAndCamaraViewerTests-checkManifestLockResult.txt",
			);
			runOnlyForDeploymentPostprocessing = 0;
			shellPath = /bin/sh;
			shellScript = "diff \"${PODS_PODFILE_DIR_PATH}/Podfile.lock\" \"${PODS_ROOT}/Manifest.lock\" > /dev/null\nif [ $? != 0 ] ; then\n    # print error to STDERR\n    echo \"error: The sandbox is not in sync with the Podfile.lock. Run 'pod install' or update your CocoaPods installation.\" >&2\n    exit 1\nfi\n# This output is used by Xcode 'outputs' to avoid re-running this script phase.\necho \"SUCCESS\" > \"${SCRIPT_OUTPUT_FILE_0}\"\n";
			showEnvVarsInLog = 0;
		};
		2C18F4FEA294A38ACF964D00 /* [CP] Embed Pods Frameworks */ = {
			isa = PBXShellScriptBuildPhase;
			buildActionMask = 2147483647;
			files = (
			);
			inputPaths = (
				"${SRCROOT}/Pods/Target Support Files/Pods-ImageAndCamaraViewer/Pods-ImageAndCamaraViewer-frameworks.sh",
				"${BUILT_PRODUCTS_DIR}/Toucan/Toucan.framework",
			);
			name = "[CP] Embed Pods Frameworks";
			outputPaths = (
				"${TARGET_BUILD_DIR}/${FRAMEWORKS_FOLDER_PATH}/Toucan.framework",
			);
			runOnlyForDeploymentPostprocessing = 0;
			shellPath = /bin/sh;
			shellScript = "\"${SRCROOT}/Pods/Target Support Files/Pods-ImageAndCamaraViewer/Pods-ImageAndCamaraViewer-frameworks.sh\"\n";
			showEnvVarsInLog = 0;
		};
		444CB707A57253F65A3461ED /* [CP] Check Pods Manifest.lock */ = {
			isa = PBXShellScriptBuildPhase;
			buildActionMask = 2147483647;
			files = (
			);
			inputPaths = (
				"${PODS_PODFILE_DIR_PATH}/Podfile.lock",
				"${PODS_ROOT}/Manifest.lock",
			);
			name = "[CP] Check Pods Manifest.lock";
			outputPaths = (
				"$(DERIVED_FILE_DIR)/Pods-ImageAndCamaraViewer-checkManifestLockResult.txt",
			);
			runOnlyForDeploymentPostprocessing = 0;
			shellPath = /bin/sh;
			shellScript = "diff \"${PODS_PODFILE_DIR_PATH}/Podfile.lock\" \"${PODS_ROOT}/Manifest.lock\" > /dev/null\nif [ $? != 0 ] ; then\n    # print error to STDERR\n    echo \"error: The sandbox is not in sync with the Podfile.lock. Run 'pod install' or update your CocoaPods installation.\" >&2\n    exit 1\nfi\n# This output is used by Xcode 'outputs' to avoid re-running this script phase.\necho \"SUCCESS\" > \"${SCRIPT_OUTPUT_FILE_0}\"\n";
			showEnvVarsInLog = 0;
		};
		5C06F4CDE51471DEDB201FCC /* [CP] Copy Pods Resources */ = {
			isa = PBXShellScriptBuildPhase;
			buildActionMask = 2147483647;
			files = (
			);
			inputPaths = (
			);
			name = "[CP] Copy Pods Resources";
			outputPaths = (
			);
			runOnlyForDeploymentPostprocessing = 0;
			shellPath = /bin/sh;
			shellScript = "\"${SRCROOT}/Pods/Target Support Files/Pods-ImageAndCamaraViewerTests/Pods-ImageAndCamaraViewerTests-resources.sh\"\n";
			showEnvVarsInLog = 0;
		};
		870F2A065A0B4D27BD3AA431 /* [CP] Embed Pods Frameworks */ = {
			isa = PBXShellScriptBuildPhase;
			buildActionMask = 2147483647;
			files = (
			);
			inputPaths = (
			);
			name = "[CP] Embed Pods Frameworks";
			outputPaths = (
			);
			runOnlyForDeploymentPostprocessing = 0;
			shellPath = /bin/sh;
			shellScript = "\"${SRCROOT}/Pods/Target Support Files/Pods-ImageAndCamaraViewerTests/Pods-ImageAndCamaraViewerTests-frameworks.sh\"\n";
			showEnvVarsInLog = 0;
		};
/* End PBXShellScriptBuildPhase section */

/* Begin PBXSourcesBuildPhase section */
		59960BF61FDB2F350020B74E /* Sources */ = {
			isa = PBXSourcesBuildPhase;
			buildActionMask = 2147483647;
			files = (
				593EAA521FDE70BF00B2F0F9 /* CropImagesVC.swift in Sources */,
				59960C061FDB2F350020B74E /* ImageAndCamaraViewer.xcdatamodeld in Sources */,
				593EAA5A1FE0E46A00B2F0F9 /* ImgShowingVC.swift in Sources */,
				593EAA581FDFF75B00B2F0F9 /* CropingVC.swift in Sources */,
				593EAA541FDF947C00B2F0F9 /* CropingFunction.swift in Sources */,
				59960C211FDB32300020B74E /* CamaraHandler.swift in Sources */,
				59960C231FDBFAA80020B74E /* AVCaptureStillImageOutput.swift in Sources */,
				593EAA561FDFB83C00B2F0F9 /* CropAreaView.swift in Sources */,
				59960C001FDB2F350020B74E /* ViewController.swift in Sources */,
				59960BFE1FDB2F350020B74E /* AppDelegate.swift in Sources */,
			);
			runOnlyForDeploymentPostprocessing = 0;
		};
		59960C0D1FDB2F360020B74E /* Sources */ = {
			isa = PBXSourcesBuildPhase;
			buildActionMask = 2147483647;
			files = (
				59960C161FDB2F370020B74E /* ImageAndCamaraViewerTests.swift in Sources */,
			);
			runOnlyForDeploymentPostprocessing = 0;
		};
/* End PBXSourcesBuildPhase section */

/* Begin PBXTargetDependency section */
		59960C131FDB2F370020B74E /* PBXTargetDependency */ = {
			isa = PBXTargetDependency;
			target = 59960BF91FDB2F350020B74E /* ImageAndCamaraViewer */;
			targetProxy = 59960C121FDB2F370020B74E /* PBXContainerItemProxy */;
		};
/* End PBXTargetDependency section */

/* Begin PBXVariantGroup section */
		59960C011FDB2F350020B74E /* Main.storyboard */ = {
			isa = PBXVariantGroup;
			children = (
				59960C021FDB2F350020B74E /* Base */,
			);
			name = Main.storyboard;
			sourceTree = "<group>";
		};
		59960C091FDB2F350020B74E /* LaunchScreen.storyboard */ = {
			isa = PBXVariantGroup;
			children = (
				59960C0A1FDB2F350020B74E /* Base */,
			);
			name = LaunchScreen.storyboard;
			sourceTree = "<group>";
		};
/* End PBXVariantGroup section */

/* Begin XCBuildConfiguration section */
		59960C181FDB2F370020B74E /* Debug */ = {
			isa = XCBuildConfiguration;
			buildSettings = {
				ALWAYS_SEARCH_USER_PATHS = NO;
				CLANG_ANALYZER_NONNULL = YES;
				CLANG_ANALYZER_NUMBER_OBJECT_CONVERSION = YES_AGGRESSIVE;
				CLANG_CXX_LANGUAGE_STANDARD = "gnu++14";
				CLANG_CXX_LIBRARY = "libc++";
				CLANG_ENABLE_MODULES = YES;
				CLANG_ENABLE_OBJC_ARC = YES;
				CLANG_WARN_BLOCK_CAPTURE_AUTORELEASING = YES;
				CLANG_WARN_BOOL_CONVERSION = YES;
				CLANG_WARN_COMMA = YES;
				CLANG_WARN_CONSTANT_CONVERSION = YES;
				CLANG_WARN_DIRECT_OBJC_ISA_USAGE = YES_ERROR;
				CLANG_WARN_DOCUMENTATION_COMMENTS = YES;
				CLANG_WARN_EMPTY_BODY = YES;
				CLANG_WARN_ENUM_CONVERSION = YES;
				CLANG_WARN_INFINITE_RECURSION = YES;
				CLANG_WARN_INT_CONVERSION = YES;
				CLANG_WARN_NON_LITERAL_NULL_CONVERSION = YES;
				CLANG_WARN_OBJC_LITERAL_CONVERSION = YES;
				CLANG_WARN_OBJC_ROOT_CLASS = YES_ERROR;
				CLANG_WARN_RANGE_LOOP_ANALYSIS = YES;
				CLANG_WARN_STRICT_PROTOTYPES = YES;
				CLANG_WARN_SUSPICIOUS_MOVE = YES;
				CLANG_WARN_UNGUARDED_AVAILABILITY = YES_AGGRESSIVE;
				CLANG_WARN_UNREACHABLE_CODE = YES;
				CLANG_WARN__DUPLICATE_METHOD_MATCH = YES;
				CODE_SIGN_IDENTITY = "iPhone Developer";
				COPY_PHASE_STRIP = NO;
				DEBUG_INFORMATION_FORMAT = dwarf;
				ENABLE_STRICT_OBJC_MSGSEND = YES;
				ENABLE_TESTABILITY = YES;
				GCC_C_LANGUAGE_STANDARD = gnu11;
				GCC_DYNAMIC_NO_PIC = NO;
				GCC_NO_COMMON_BLOCKS = YES;
				GCC_OPTIMIZATION_LEVEL = 0;
				GCC_PREPROCESSOR_DEFINITIONS = (
					"DEBUG=1",
					"$(inherited)",
				);
				GCC_WARN_64_TO_32_BIT_CONVERSION = YES;
				GCC_WARN_ABOUT_RETURN_TYPE = YES_ERROR;
				GCC_WARN_UNDECLARED_SELECTOR = YES;
				GCC_WARN_UNINITIALIZED_AUTOS = YES_AGGRESSIVE;
				GCC_WARN_UNUSED_FUNCTION = YES;
				GCC_WARN_UNUSED_VARIABLE = YES;
				IPHONEOS_DEPLOYMENT_TARGET = 11.1;
				MTL_ENABLE_DEBUG_INFO = YES;
				ONLY_ACTIVE_ARCH = YES;
				SDKROOT = iphoneos;
				SWIFT_ACTIVE_COMPILATION_CONDITIONS = DEBUG;
				SWIFT_OPTIMIZATION_LEVEL = "-Onone";
			};
			name = Debug;
		};
		59960C191FDB2F370020B74E /* Release */ = {
			isa = XCBuildConfiguration;
			buildSettings = {
				ALWAYS_SEARCH_USER_PATHS = NO;
				CLANG_ANALYZER_NONNULL = YES;
				CLANG_ANALYZER_NUMBER_OBJECT_CONVERSION = YES_AGGRESSIVE;
				CLANG_CXX_LANGUAGE_STANDARD = "gnu++14";
				CLANG_CXX_LIBRARY = "libc++";
				CLANG_ENABLE_MODULES = YES;
				CLANG_ENABLE_OBJC_ARC = YES;
				CLANG_WARN_BLOCK_CAPTURE_AUTORELEASING = YES;
				CLANG_WARN_BOOL_CONVERSION = YES;
				CLANG_WARN_COMMA = YES;
				CLANG_WARN_CONSTANT_CONVERSION = YES;
				CLANG_WARN_DIRECT_OBJC_ISA_USAGE = YES_ERROR;
				CLANG_WARN_DOCUMENTATION_COMMENTS = YES;
				CLANG_WARN_EMPTY_BODY = YES;
				CLANG_WARN_ENUM_CONVERSION = YES;
				CLANG_WARN_INFINITE_RECURSION = YES;
				CLANG_WARN_INT_CONVERSION = YES;
				CLANG_WARN_NON_LITERAL_NULL_CONVERSION = YES;
				CLANG_WARN_OBJC_LITERAL_CONVERSION = YES;
				CLANG_WARN_OBJC_ROOT_CLASS = YES_ERROR;
				CLANG_WARN_RANGE_LOOP_ANALYSIS = YES;
				CLANG_WARN_STRICT_PROTOTYPES = YES;
				CLANG_WARN_SUSPICIOUS_MOVE = YES;
				CLANG_WARN_UNGUARDED_AVAILABILITY = YES_AGGRESSIVE;
				CLANG_WARN_UNREACHABLE_CODE = YES;
				CLANG_WARN__DUPLICATE_METHOD_MATCH = YES;
				CODE_SIGN_IDENTITY = "iPhone Developer";
				COPY_PHASE_STRIP = NO;
				DEBUG_INFORMATION_FORMAT = "dwarf-with-dsym";
				ENABLE_NS_ASSERTIONS = NO;
				ENABLE_STRICT_OBJC_MSGSEND = YES;
				GCC_C_LANGUAGE_STANDARD = gnu11;
				GCC_NO_COMMON_BLOCKS = YES;
				GCC_WARN_64_TO_32_BIT_CONVERSION = YES;
				GCC_WARN_ABOUT_RETURN_TYPE = YES_ERROR;
				GCC_WARN_UNDECLARED_SELECTOR = YES;
				GCC_WARN_UNINITIALIZED_AUTOS = YES_AGGRESSIVE;
				GCC_WARN_UNUSED_FUNCTION = YES;
				GCC_WARN_UNUSED_VARIABLE = YES;
				IPHONEOS_DEPLOYMENT_TARGET = 11.1;
				MTL_ENABLE_DEBUG_INFO = NO;
				SDKROOT = iphoneos;
				SWIFT_OPTIMIZATION_LEVEL = "-Owholemodule";
				VALIDATE_PRODUCT = YES;
			};
			name = Release;
		};
		59960C1B1FDB2F370020B74E /* Debug */ = {
			isa = XCBuildConfiguration;
			baseConfigurationReference = 8D4F4B402C5A3FB6EECFBBC3 /* Pods-ImageAndCamaraViewer.debug.xcconfig */;
			buildSettings = {
				ASSETCATALOG_COMPILER_APPICON_NAME = AppIcon;
				CODE_SIGN_STYLE = Automatic;
				DEVELOPMENT_TEAM = CZ6TZM89R5;
				INFOPLIST_FILE = ImageAndCamaraViewer/Info.plist;
				IPHONEOS_DEPLOYMENT_TARGET = 11.0;
				LD_RUNPATH_SEARCH_PATHS = "$(inherited) @executable_path/Frameworks";
				PRODUCT_BUNDLE_IDENTIFIER = "com.-ImageAndCamaraViewer.ImageAndCamaraViewer";
				PRODUCT_NAME = "$(TARGET_NAME)";
				SWIFT_VERSION = 4.0;
				TARGETED_DEVICE_FAMILY = "1,2";
			};
			name = Debug;
		};
		59960C1C1FDB2F370020B74E /* Release */ = {
			isa = XCBuildConfiguration;
			baseConfigurationReference = 63B9C45E1F9D300845E644B4 /* Pods-ImageAndCamaraViewer.release.xcconfig */;
			buildSettings = {
				ASSETCATALOG_COMPILER_APPICON_NAME = AppIcon;
				CODE_SIGN_STYLE = Automatic;
				DEVELOPMENT_TEAM = CZ6TZM89R5;
				INFOPLIST_FILE = ImageAndCamaraViewer/Info.plist;
				IPHONEOS_DEPLOYMENT_TARGET = 11.0;
				LD_RUNPATH_SEARCH_PATHS = "$(inherited) @executable_path/Frameworks";
				PRODUCT_BUNDLE_IDENTIFIER = "com.-ImageAndCamaraViewer.ImageAndCamaraViewer";
				PRODUCT_NAME = "$(TARGET_NAME)";
				SWIFT_VERSION = 4.0;
				TARGETED_DEVICE_FAMILY = "1,2";
			};
			name = Release;
		};
		59960C1E1FDB2F370020B74E /* Debug */ = {
			isa = XCBuildConfiguration;
			baseConfigurationReference = 74658A7064800262F1CC27D5 /* Pods-ImageAndCamaraViewerTests.debug.xcconfig */;
			buildSettings = {
				ALWAYS_EMBED_SWIFT_STANDARD_LIBRARIES = YES;
				BUNDLE_LOADER = "$(TEST_HOST)";
				CODE_SIGN_STYLE = Automatic;
				INFOPLIST_FILE = ImageAndCamaraViewerTests/Info.plist;
				LD_RUNPATH_SEARCH_PATHS = "$(inherited) @executable_path/Frameworks @loader_path/Frameworks";
				PRODUCT_BUNDLE_IDENTIFIER = "com.-ImageAndCamaraViewer.ImageAndCamaraViewerTests";
				PRODUCT_NAME = "$(TARGET_NAME)";
				SWIFT_VERSION = 4.0;
				TARGETED_DEVICE_FAMILY = "1,2";
				TEST_HOST = "$(BUILT_PRODUCTS_DIR)/ImageAndCamaraViewer.app/ImageAndCamaraViewer";
			};
			name = Debug;
		};
		59960C1F1FDB2F370020B74E /* Release */ = {
			isa = XCBuildConfiguration;
			baseConfigurationReference = 9916EE43BDD7D9BABCB108A3 /* Pods-ImageAndCamaraViewerTests.release.xcconfig */;
			buildSettings = {
				ALWAYS_EMBED_SWIFT_STANDARD_LIBRARIES = YES;
				BUNDLE_LOADER = "$(TEST_HOST)";
				CODE_SIGN_STYLE = Automatic;
				INFOPLIST_FILE = ImageAndCamaraViewerTests/Info.plist;
				LD_RUNPATH_SEARCH_PATHS = "$(inherited) @executable_path/Frameworks @loader_path/Frameworks";
				PRODUCT_BUNDLE_IDENTIFIER = "com.-ImageAndCamaraViewer.ImageAndCamaraViewerTests";
				PRODUCT_NAME = "$(TARGET_NAME)";
				SWIFT_VERSION = 4.0;
				TARGETED_DEVICE_FAMILY = "1,2";
				TEST_HOST = "$(BUILT_PRODUCTS_DIR)/ImageAndCamaraViewer.app/ImageAndCamaraViewer";
			};
			name = Release;
		};
/* End XCBuildConfiguration section */

/* Begin XCConfigurationList section */
		59960BF51FDB2F340020B74E /* Build configuration list for PBXProject "ImageAndCamaraViewer" */ = {
			isa = XCConfigurationList;
			buildConfigurations = (
				59960C181FDB2F370020B74E /* Debug */,
				59960C191FDB2F370020B74E /* Release */,
			);
			defaultConfigurationIsVisible = 0;
			defaultConfigurationName = Release;
		};
		59960C1A1FDB2F370020B74E /* Build configuration list for PBXNativeTarget "ImageAndCamaraViewer" */ = {
			isa = XCConfigurationList;
			buildConfigurations = (
				59960C1B1FDB2F370020B74E /* Debug */,
				59960C1C1FDB2F370020B74E /* Release */,
			);
			defaultConfigurationIsVisible = 0;
			defaultConfigurationName = Release;
		};
		59960C1D1FDB2F370020B74E /* Build configuration list for PBXNativeTarget "ImageAndCamaraViewerTests" */ = {
			isa = XCConfigurationList;
			buildConfigurations = (
				59960C1E1FDB2F370020B74E /* Debug */,
				59960C1F1FDB2F370020B74E /* Release */,
			);
			defaultConfigurationIsVisible = 0;
			defaultConfigurationName = Release;
		};
/* End XCConfigurationList section */

/* Begin XCVersionGroup section */
		59960C041FDB2F350020B74E /* ImageAndCamaraViewer.xcdatamodeld */ = {
			isa = XCVersionGroup;
			children = (
				59960C051FDB2F350020B74E /* ImageAndCamaraViewer.xcdatamodel */,
			);
			currentVersion = 59960C051FDB2F350020B74E /* ImageAndCamaraViewer.xcdatamodel */;
			path = ImageAndCamaraViewer.xcdatamodeld;
			sourceTree = "<group>";
			versionGroupType = wrapper.xcdatamodel;
		};
/* End XCVersionGroup section */
	};
	rootObject = 59960BF21FDB2F340020B74E /* Project object */;
}
